{
  "name": "@noble/curves",
  "version": "0.8.2",
  "lockfileVersion": 3,
  "requires": true,
  "packages": {
    "": {
      "name": "@noble/curves",
      "version": "0.8.2",
      "funding": [
        {
          "type": "individual",
          "url": "https://paulmillr.com/funding/"
        }
      ],
      "license": "MIT",
      "dependencies": {
        "@noble/hashes": "1.2.0"
      },
      "devDependencies": {
        "@scure/bip32": "~1.1.5",
        "@scure/bip39": "~1.1.1",
        "@types/node": "18.11.18",
        "fast-check": "3.0.0",
        "micro-bmark": "0.3.1",
        "micro-should": "0.4.0",
        "prettier": "2.8.3",
        "typescript": "5.0.2"
      }
    },
    "node_modules/@noble/hashes": {
      "version": "1.2.0",
      "resolved": "https://registry.npmjs.org/@noble/hashes/-/hashes-1.2.0.tgz",
      "integrity": "sha512-FZfhjEDbT5GRswV3C6uvLPHMiVD6lQBmpoX5+eSiPaMTXte/IKqI5dykDxzZB/WBeK/CDuQRBWarPdi3FNY2zQ==",
      "funding": [
        {
          "type": "individual",
          "url": "https://paulmillr.com/funding/"
        }
      ]
    },
    "node_modules/@noble/secp256k1": {
      "version": "1.7.1",
      "resolved": "https://registry.npmjs.org/@noble/secp256k1/-/secp256k1-1.7.1.tgz",
      "integrity": "sha512-hOUk6AyBFmqVrv7k5WAw/LpszxVbj9gGN4JRkIX52fdFAj1UA61KXmZDvqVEm+pOyec3+fIeZB02LYa/pWOArw==",
      "dev": true,
      "funding": [
        {
          "type": "individual",
          "url": "https://paulmillr.com/funding/"
        }
      ]
    },
    "node_modules/@scure/base": {
      "version": "1.1.1",
      "resolved": "https://registry.npmjs.org/@scure/base/-/base-1.1.1.tgz",
      "integrity": "sha512-ZxOhsSyxYwLJj3pLZCefNitxsj093tb2vq90mp2txoYeBqbcjDjqFhyM8eUjq/uFm6zJ+mUuqxlS2FkuSY1MTA==",
      "dev": true,
      "funding": [
        {
          "type": "individual",
          "url": "https://paulmillr.com/funding/"
        }
      ]
    },
    "node_modules/@scure/bip32": {
      "version": "1.1.5",
      "resolved": "https://registry.npmjs.org/@scure/bip32/-/bip32-1.1.5.tgz",
      "integrity": "sha512-XyNh1rB0SkEqd3tXcXMi+Xe1fvg+kUIcoRIEujP1Jgv7DqW2r9lg3Ah0NkFaCs9sTkQAQA8kw7xiRXzENi9Rtw==",
      "dev": true,
      "funding": [
        {
          "type": "individual",
          "url": "https://paulmillr.com/funding/"
        }
      ],
      "dependencies": {
        "@noble/hashes": "~1.2.0",
        "@noble/secp256k1": "~1.7.0",
        "@scure/base": "~1.1.0"
      }
    },
    "node_modules/@scure/bip39": {
      "version": "1.1.1",
      "resolved": "https://registry.npmjs.org/@scure/bip39/-/bip39-1.1.1.tgz",
      "integrity": "sha512-t+wDck2rVkh65Hmv280fYdVdY25J9YeEUIgn2LG1WM6gxFkGzcksoDiUkWVpVp3Oex9xGC68JU2dSbUfwZ2jPg==",
      "dev": true,
      "funding": [
        {
          "type": "individual",
          "url": "https://paulmillr.com/funding/"
        }
      ],
      "dependencies": {
        "@noble/hashes": "~1.2.0",
        "@scure/base": "~1.1.0"
      }
    },
    "node_modules/@types/node": {
      "version": "18.11.18",
      "resolved": "https://registry.npmjs.org/@types/node/-/node-18.11.18.tgz",
      "integrity": "sha512-DHQpWGjyQKSHj3ebjFI/wRKcqQcdR+MoFBygntYOZytCqNfkd2ZC4ARDJ2DQqhjH5p85Nnd3jhUJIXrszFX/JA==",
      "dev": true
    },
    "node_modules/fast-check": {
      "version": "3.0.0",
      "resolved": "https://registry.npmjs.org/fast-check/-/fast-check-3.0.0.tgz",
      "integrity": "sha512-uujtrFJEQQqnIMO52ARwzPcuV4omiL1OJBUBLE9WnNFeu0A97sREXDOmCIHY+Z6KLVcemUf09rWr0q0Xy/Y/Ew==",
      "dev": true,
      "dependencies": {
        "pure-rand": "^5.0.1"
      },
      "engines": {
        "node": ">=8.0.0"
      },
      "funding": {
        "type": "opencollective",
        "url": "https://opencollective.com/fast-check"
      }
    },
    "node_modules/micro-bmark": {
      "version": "0.3.1",
      "resolved": "https://registry.npmjs.org/micro-bmark/-/micro-bmark-0.3.1.tgz",
      "integrity": "sha512-bNaKObD4yPAAPrpEqp5jO6LJ2sEFgLoFSmRjEY809mJ62+2AehI/K3+RlVpN3Oo92RHpgC2RQhj6b1Tb4dmo+w==",
      "dev": true
    },
    "node_modules/micro-should": {
      "version": "0.4.0",
      "resolved": "https://registry.npmjs.org/micro-should/-/micro-should-0.4.0.tgz",
      "integrity": "sha512-Vclj8yrngSYc9Y3dL2C+AdUlTkyx/syWc4R7LYfk4h7+icfF0DoUBGjjUIaEDzZA19RzoI+Hg8rW9IRoNGP0tQ==",
      "dev": true
    },
    "node_modules/prettier": {
      "version": "2.8.3",
      "resolved": "https://registry.npmjs.org/prettier/-/prettier-2.8.3.tgz",
      "integrity": "sha512-tJ/oJ4amDihPoufT5sM0Z1SKEuKay8LfVAMlbbhnnkvt6BUserZylqo2PN+p9KeljLr0OHa2rXHU1T8reeoTrw==",
      "dev": true,
      "bin": {
        "prettier": "bin-prettier.js"
      },
      "engines": {
        "node": ">=10.13.0"
      },
      "funding": {
        "url": "https://github.com/prettier/prettier?sponsor=1"
      }
    },
    "node_modules/pure-rand": {
      "version": "5.0.5",
      "resolved": "https://registry.npmjs.org/pure-rand/-/pure-rand-5.0.5.tgz",
      "integrity": "sha512-BwQpbqxSCBJVpamI6ydzcKqyFmnd5msMWUGvzXLm1aXvusbbgkbOto/EUPM00hjveJEaJtdbhUjKSzWRhQVkaw==",
      "dev": true,
      "funding": [
        {
          "type": "individual",
          "url": "https://github.com/sponsors/dubzzz"
        },
        {
          "type": "opencollective",
          "url": "https://opencollective.com/fast-check"
        }
      ]
    },
    "node_modules/typescript": {
      "version": "5.0.2",
      "resolved": "https://registry.npmjs.org/typescript/-/typescript-5.0.2.tgz",
      "integrity": "sha512-wVORMBGO/FAs/++blGNeAVdbNKtIh1rbBL2EyQ1+J9lClJ93KiiKe8PmFIVdXhHcyv44SL9oglmfeSsndo0jRw==",
      "dev": true,
      "bin": {
        "tsc": "bin/tsc",
        "tsserver": "bin/tsserver"
      },
      "engines": {
        "node": ">=12.20"
      }
    }
  }
}
